
Microsoft Visual Studio Solution File, Format Version 12.00
# Visual Studio 14
VisualStudioVersion = 14.0.25420.1
MinimumVisualStudioVersion = 10.0.40219.1
Project("{FAE04EC0-301F-11D3-BF4B-00C04F79EFBC}") = "Scheme.NET", "src\Scheme.NET\Scheme.NET.csproj", "{A40668BC-DE67-445A-AC6C-7E04A728EF6C}"
EndProject
Project("{FAE04EC0-301F-11D3-BF4B-00C04F79EFBC}") = "Scheme.NET.Repl", "src\Scheme.NET.Repl\Scheme.NET.Repl.csproj", "{B0EEFB40-38D7-43A3-B3C7-D3E289FED482}"
EndProject
Project("{FAE04EC0-301F-11D3-BF4B-00C04F79EFBC}") = "Scheme.NET.Tests", "src\Scheme.NET.Tests\Scheme.NET.Tests.csproj", "{B8871355-FEB6-48B1-8012-76DD907999A1}"
EndProject
Global
	GlobalSection(SolutionConfigurationPlatforms) = preSolution
		Debug|Any CPU = Debug|Any CPU
		Release|Any CPU = Release|Any CPU
	EndGlobalSection
	GlobalSection(ProjectConfigurationPlatforms) = postSolution
		{A40668BC-DE67-445A-AC6C-7E04A728EF6C}.Debug|Any CPU.ActiveCfg = Debug|Any CPU
		{A40668BC-DE67-445A-AC6C-7E04A728EF6C}.Debug|Any CPU.Build.0 = Debug|Any CPU
		{A40668BC-DE67-445A-AC6C-7E04A728EF6C}.Release|Any CPU.ActiveCfg = Release|Any CPU
		{A40668BC-DE67-445A-AC6C-7E04A728EF6C}.Release|Any CPU.Build.0 = Release|Any CPU
		{B0EEFB40-38D7-43A3-B3C7-D3E289FED482}.Debug|Any CPU.ActiveCfg = Debug|Any CPU
		{B0EEFB40-38D7-43A3-B3C7-D3E289FED482}.Debug|Any CPU.Build.0 = Debug|Any CPU
		{B0EEFB40-38D7-43A3-B3C7-D3E289FED482}.Release|Any CPU.ActiveCfg = Release|Any CPU
		{B0EEFB40-38D7-43A3-B3C7-D3E289FED482}.Release|Any CPU.Build.0 = Release|Any CPU
		{B8871355-FEB6-48B1-8012-76DD907999A1}.Debug|Any CPU.ActiveCfg = Debug|Any CPU
		{B8871355-FEB6-48B1-8012-76DD907999A1}.Debug|Any CPU.Build.0 = Debug|Any CPU
		{B8871355-FEB6-48B1-8012-76DD907999A1}.Release|Any CPU.ActiveCfg = Release|Any CPU
		{B8871355-FEB6-48B1-8012-76DD907999A1}.Release|Any CPU.Build.0 = Release|Any CPU
	EndGlobalSection
	GlobalSection(SolutionProperties) = preSolution
		HideSolutionNode = FALSE
	EndGlobalSection
EndGlobal
